// !$*UTF8*$!
{
	archiveVersion = 1;
	classes = {
	};
	objectVersion = 55;
	objects = {

/* Begin PBXBuildFile section */
		C044C23427C3ADF400D7432F /* AppDelegate.swift in Sources */ = {isa = PBXBuildFile; fileRef = C044C23327C3ADF400D7432F /* AppDelegate.swift */; };
		C044C23627C3ADF400D7432F /* SceneDelegate.swift in Sources */ = {isa = PBXBuildFile; fileRef = C044C23527C3ADF400D7432F /* SceneDelegate.swift */; };
		C044C23827C3ADF400D7432F /* ViewController.swift in Sources */ = {isa = PBXBuildFile; fileRef = C044C23727C3ADF400D7432F /* ViewController.swift */; };
		C044C23B27C3ADF400D7432F /* Main.storyboard in Resources */ = {isa = PBXBuildFile; fileRef = C044C23927C3ADF400D7432F /* Main.storyboard */; };
		C044C23E27C3ADF400D7432F /* InstaClone.xcdatamodeld in Sources */ = {isa = PBXBuildFile; fileRef = C044C23C27C3ADF400D7432F /* InstaClone.xcdatamodeld */; };
		C044C24027C3ADF700D7432F /* Assets.xcassets in Resources */ = {isa = PBXBuildFile; fileRef = C044C23F27C3ADF700D7432F /* Assets.xcassets */; };
		C044C24327C3ADF700D7432F /* LaunchScreen.storyboard in Resources */ = {isa = PBXBuildFile; fileRef = C044C24127C3ADF700D7432F /* LaunchScreen.storyboard */; };
		C044C24B27C3AF0D00D7432F /* GoogleService-Info.plist in Resources */ = {isa = PBXBuildFile; fileRef = C044C24A27C3AF0D00D7432F /* GoogleService-Info.plist */; };
		C044C24D27C3BE3500D7432F /* FeedViewController.swift in Sources */ = {isa = PBXBuildFile; fileRef = C044C24C27C3BE3500D7432F /* FeedViewController.swift */; };
		C044C24F27C3BE4700D7432F /* UploadViewController.swift in Sources */ = {isa = PBXBuildFile; fileRef = C044C24E27C3BE4700D7432F /* UploadViewController.swift */; };
		C044C25127C3BE5800D7432F /* SettingsViewController.swift in Sources */ = {isa = PBXBuildFile; fileRef = C044C25027C3BE5800D7432F /* SettingsViewController.swift */; };
		C044C25327C60CD500D7432F /* FeedCell.swift in Sources */ = {isa = PBXBuildFile; fileRef = C044C25227C60CD500D7432F /* FeedCell.swift */; };
		D93A7CB2BF8C9965FBFA6A28 /* Pods_InstaClone.framework in Frameworks */ = {isa = PBXBuildFile; fileRef = 5BF9BA26E6E40205B3CD721E /* Pods_InstaClone.framework */; };
/* End PBXBuildFile section */

/* Begin PBXFileReference section */
		077007421B97BFBEEFE5C40C /* Pods-InstaClone.debug.xcconfig */ = {isa = PBXFileReference; includeInIndex = 1; lastKnownFileType = text.xcconfig; name = "Pods-InstaClone.debug.xcconfig"; path = "Target Support Files/Pods-InstaClone/Pods-InstaClone.debug.xcconfig"; sourceTree = "<group>"; };
		5BF9BA26E6E40205B3CD721E /* Pods_InstaClone.framework */ = {isa = PBXFileReference; explicitFileType = wrapper.framework; includeInIndex = 0; path = Pods_InstaClone.framework; sourceTree = BUILT_PRODUCTS_DIR; };
		7037203705184C7F954C182E /* Pods-InstaClone.release.xcconfig */ = {isa = PBXFileReference; includeInIndex = 1; lastKnownFileType = text.xcconfig; name = "Pods-InstaClone.release.xcconfig"; path = "Target Support Files/Pods-InstaClone/Pods-InstaClone.release.xcconfig"; sourceTree = "<group>"; };
		C044C23027C3ADF400D7432F /* InstaClone.app */ = {isa = PBXFileReference; explicitFileType = wrapper.application; includeInIndex = 0; path = InstaClone.app; sourceTree = BUILT_PRODUCTS_DIR; };
		C044C23327C3ADF400D7432F /* AppDelegate.swift */ = {isa = PBXFileReference; lastKnownFileType = sourcecode.swift; path = AppDelegate.swift; sourceTree = "<group>"; };
		C044C23527C3ADF400D7432F /* SceneDelegate.swift */ = {isa = PBXFileReference; lastKnownFileType = sourcecode.swift; path = SceneDelegate.swift; sourceTree = "<group>"; };
		C044C23727C3ADF400D7432F /* ViewController.swift */ = {isa = PBXFileReference; lastKnownFileType = sourcecode.swift; path = ViewController.swift; sourceTree = "<group>"; };
		C044C23A27C3ADF400D7432F /* Base */ = {isa = PBXFileReference; lastKnownFileType = file.storyboard; name = Base; path = Base.lproj/Main.storyboard; sourceTree = "<group>"; };
		C044C23D27C3ADF400D7432F /* InstaClone.xcdatamodel */ = {isa = PBXFileReference; lastKnownFileType = wrapper.xcdatamodel; path = InstaClone.xcdatamodel; sourceTree = "<group>"; };
		C044C23F27C3ADF700D7432F /* Assets.xcassets */ = {isa = PBXFileReference; lastKnownFileType = folder.assetcatalog; path = Assets.xcassets; sourceTree = "<group>"; };
		C044C24227C3ADF700D7432F /* Base */ = {isa = PBXFileReference; lastKnownFileType = file.storyboard; name = Base; path = Base.lproj/LaunchScreen.storyboard; sourceTree = "<group>"; };
		C044C24427C3ADF700D7432F /* Info.plist */ = {isa = PBXFileReference; lastKnownFileType = text.plist.xml; path = Info.plist; sourceTree = "<group>"; };
		C044C24A27C3AF0D00D7432F /* GoogleService-Info.plist */ = {isa = PBXFileReference; fileEncoding = 4; lastKnownFileType = text.plist.xml; path = "GoogleService-Info.plist"; sourceTree = "<group>"; };
		C044C24C27C3BE3500D7432F /* FeedViewController.swift */ = {isa = PBXFileReference; lastKnownFileType = sourcecode.swift; path = FeedViewController.swift; sourceTree = "<group>"; };
		C044C24E27C3BE4700D7432F /* UploadViewController.swift */ = {isa = PBXFileReference; lastKnownFileType = sourcecode.swift; path = UploadViewController.swift; sourceTree = "<group>"; };
		C044C25027C3BE5800D7432F /* SettingsViewController.swift */ = {isa = PBXFileReference; lastKnownFileType = sourcecode.swift; path = SettingsViewController.swift; sourceTree = "<group>"; };
		C044C25227C60CD500D7432F /* FeedCell.swift */ = {isa = PBXFileReference; lastKnownFileType = sourcecode.swift; path = FeedCell.swift; sourceTree = "<group>"; };
/* End PBXFileReference section */

/* Begin PBXFrameworksBuildPhase section */
		C044C22D27C3ADF400D7432F /* Frameworks */ = {
			isa = PBXFrameworksBuildPhase;
			buildActionMask = 2147483647;
			files = (
				D93A7CB2BF8C9965FBFA6A28 /* Pods_InstaClone.framework in Frameworks */,
			);
			runOnlyForDeploymentPostprocessing = 0;
		};
/* End PBXFrameworksBuildPhase section */

/* Begin PBXGroup section */
		0C788EA53C6E7D078A58AA65 /* Frameworks */ = {
			isa = PBXGroup;
			children = (
				5BF9BA26E6E40205B3CD721E /* Pods_InstaClone.framework */,
			);
			name = Frameworks;
			sourceTree = "<group>";
		};
		AEB6E8024AEB94A7775A2D8A /* Pods */ = {
			isa = PBXGroup;
			children = (
				077007421B97BFBEEFE5C40C /* Pods-InstaClone.debug.xcconfig */,
				7037203705184C7F954C182E /* Pods-InstaClone.release.xcconfig */,
			);
			path = Pods;
			sourceTree = "<group>";
		};
		C044C22727C3ADF400D7432F = {
			isa = PBXGroup;
			children = (
				C044C23227C3ADF400D7432F /* InstaClone */,
				C044C23127C3ADF400D7432F /* Products */,
				AEB6E8024AEB94A7775A2D8A /* Pods */,
				0C788EA53C6E7D078A58AA65 /* Frameworks */,
			);
			sourceTree = "<group>";
		};
		C044C23127C3ADF400D7432F /* Products */ = {
			isa = PBXGroup;
			children = (
				C044C23027C3ADF400D7432F /* InstaClone.app */,
			);
			name = Products;
			sourceTree = "<group>";
		};
		C044C23227C3ADF400D7432F /* InstaClone */ = {
			isa = PBXGroup;
			children = (
				C044C23327C3ADF400D7432F /* AppDelegate.swift */,
				C044C23527C3ADF400D7432F /* SceneDelegate.swift */,
				C044C23727C3ADF400D7432F /* ViewController.swift */,
				C044C23927C3ADF400D7432F /* Main.storyboard */,
				C044C23F27C3ADF700D7432F /* Assets.xcassets */,
				C044C24127C3ADF700D7432F /* LaunchScreen.storyboard */,
				C044C24A27C3AF0D00D7432F /* GoogleService-Info.plist */,
				C044C24427C3ADF700D7432F /* Info.plist */,
				C044C23C27C3ADF400D7432F /* InstaClone.xcdatamodeld */,
				C044C24C27C3BE3500D7432F /* FeedViewController.swift */,
				C044C24E27C3BE4700D7432F /* UploadViewController.swift */,
				C044C25027C3BE5800D7432F /* SettingsViewController.swift */,
				C044C25227C60CD500D7432F /* FeedCell.swift */,
			);
			path = InstaClone;
			sourceTree = "<group>";
		};
/* End PBXGroup section */

/* Begin PBXNativeTarget section */
		C044C22F27C3ADF400D7432F /* InstaClone */ = {
			isa = PBXNativeTarget;
			buildConfigurationList = C044C24727C3ADF700D7432F /* Build configuration list for PBXNativeTarget "InstaClone" */;
			buildPhases = (
				56A0656B7BB6172E4CBA87ED /* [CP] Check Pods Manifest.lock */,
				C044C22C27C3ADF400D7432F /* Sources */,
				C044C22D27C3ADF400D7432F /* Frameworks */,
				C044C22E27C3ADF400D7432F /* Resources */,
				3506F290B0C767D3FFA234C8 /* [CP] Embed Pods Frameworks */,
			);
			buildRules = (
			);
			dependencies = (
			);
			name = InstaClone;
			productName = InstaClone;
			productReference = C044C23027C3ADF400D7432F /* InstaClone.app */;
			productType = "com.apple.product-type.application";
		};
/* End PBXNativeTarget section */

/* Begin PBXProject section */
		C044C22827C3ADF400D7432F /* Project object */ = {
			isa = PBXProject;
			attributes = {
				BuildIndependentTargetsInParallel = 1;
				LastSwiftUpdateCheck = 1320;
				LastUpgradeCheck = 1320;
				TargetAttributes = {
					C044C22F27C3ADF400D7432F = {
						CreatedOnToolsVersion = 13.2.1;
					};
				};
			};
			buildConfigurationList = C044C22B27C3ADF400D7432F /* Build configuration list for PBXProject "InstaClone" */;
			compatibilityVersion = "Xcode 13.0";
			developmentRegion = en;
			hasScannedForEncodings = 0;
			knownRegions = (
				en,
				Base,
			);
			mainGroup = C044C22727C3ADF400D7432F;
			productRefGroup = C044C23127C3ADF400D7432F /* Products */;
			projectDirPath = "";
			projectRoot = "";
			targets = (
				C044C22F27C3ADF400D7432F /* InstaClone */,
			);
		};
/* End PBXProject section */

/* Begin PBXResourcesBuildPhase section */
		C044C22E27C3ADF400D7432F /* Resources */ = {
			isa = PBXResourcesBuildPhase;
			buildActionMask = 2147483647;
			files = (
				C044C24327C3ADF700D7432F /* LaunchScreen.storyboard in Resources */,
				C044C24B27C3AF0D00D7432F /* GoogleService-Info.plist in Resources */,
				C044C24027C3ADF700D7432F /* Assets.xcassets in Resources */,
				C044C23B27C3ADF400D7432F /* Main.storyboard in Resources */,
			);
			runOnlyForDeploymentPostprocessing = 0;
		};
/* End PBXResourcesBuildPhase section */

/* Begin PBXShellScriptBuildPhase section */
		3506F290B0C767D3FFA234C8 /* [CP] Embed Pods Frameworks */ = {
			isa = PBXShellScriptBuildPhase;
			buildActionMask = 2147483647;
			files = (
			);
			inputFileListPaths = (
				"${PODS_ROOT}/Target Support Files/Pods-InstaClone/Pods-InstaClone-frameworks-${CONFIGURATION}-input-files.xcfilelist",
			);
			name = "[CP] Embed Pods Frameworks";
			outputFileListPaths = (
				"${PODS_ROOT}/Target Support Files/Pods-InstaClone/Pods-InstaClone-frameworks-${CONFIGURATION}-output-files.xcfilelist",
			);
			runOnlyForDeploymentPostprocessing = 0;
			shellPath = /bin/sh;
			shellScript = "\"${PODS_ROOT}/Target Support Files/Pods-InstaClone/Pods-InstaClone-frameworks.sh\"\n";
			showEnvVarsInLog = 0;
		};
		56A0656B7BB6172E4CBA87ED /* [CP] Check Pods Manifest.lock */ = {
			isa = PBXShellScriptBuildPhase;
			buildActionMask = 2147483647;
			files = (
			);
			inputFileListPaths = (
			);
			inputPaths = (
				"${PODS_PODFILE_DIR_PATH}/Podfile.lock",
				"${PODS_ROOT}/Manifest.lock",
			);
			name = "[CP] Check Pods Manifest.lock";
			outputFileListPaths = (
			);
			outputPaths = (
				"$(DERIVED_FILE_DIR)/Pods-InstaClone-checkManifestLockResult.txt",
			);
			runOnlyForDeploymentPostprocessing = 0;
			shellPath = /bin/sh;
			shellScript = "diff \"${PODS_PODFILE_DIR_PATH}/Podfile.lock\" \"${PODS_ROOT}/Manifest.lock\" > /dev/null\nif [ $? != 0 ] ; then\n    # print error to STDERR\n    echo \"error: The sandbox is not in sync with the Podfile.lock. Run 'pod install' or update your CocoaPods installation.\" >&2\n    exit 1\nfi\n# This output is used by Xcode 'outputs' to avoid re-running this script phase.\necho \"SUCCESS\" > \"${SCRIPT_OUTPUT_FILE_0}\"\n";
			showEnvVarsInLog = 0;
		};
/* End PBXShellScriptBuildPhase section */

/* Begin PBXSourcesBuildPhase section */
		C044C22C27C3ADF400D7432F /* Sources */ = {
			isa = PBXSourcesBuildPhase;
			buildActionMask = 2147483647;
			files = (
				C044C23827C3ADF400D7432F /* ViewController.swift in Sources */,
				C044C24F27C3BE4700D7432F /* UploadViewController.swift in Sources */,
				C044C25127C3BE5800D7432F /* SettingsViewController.swift in Sources */,
				C044C23427C3ADF400D7432F /* AppDelegate.swift in Sources */,
				C044C24D27C3BE3500D7432F /* FeedViewController.swift in Sources */,
				C044C25327C60CD500D7432F /* FeedCell.swift in Sources */,
				C044C23627C3ADF400D7432F /* SceneDelegate.swift in Sources */,
				C044C23E27C3ADF400D7432F /* InstaClone.xcdatamodeld in Sources */,
			);
			runOnlyForDeploymentPostprocessing = 0;
		};
/* End PBXSourcesBuildPhase section */

/* Begin PBXVariantGroup section */
		C044C23927C3ADF400D7432F /* Main.storyboard */ = {
			isa = PBXVariantGroup;
			children = (
				C044C23A27C3ADF400D7432F /* Base */,
			);
			name = Main.storyboard;
			sourceTree = "<group>";
		};
		C044C24127C3ADF700D7432F /* LaunchScreen.storyboard */ = {
			isa = PBXVariantGroup;
			children = (
				C044C24227C3ADF700D7432F /* Base */,
			);
			name = LaunchScreen.storyboard;
			sourceTree = "<group>";
		};
/* End PBXVariantGroup section */

/* Begin XCBuildConfiguration section */
		C044C24527C3ADF700D7432F /* Debug */ = {
			isa = XCBuildConfiguration;
			buildSettings = {
				ALWAYS_SEARCH_USER_PATHS = NO;
				CLANG_ANALYZER_NONNULL = YES;
				CLANG_ANALYZER_NUMBER_OBJECT_CONVERSION = YES_AGGRESSIVE;
				CLANG_CXX_LANGUAGE_STANDARD = "gnu++17";
				CLANG_CXX_LIBRARY = "libc++";
				CLANG_ENABLE_MODULES = YES;
				CLANG_ENABLE_OBJC_ARC = YES;
				CLANG_ENABLE_OBJC_WEAK = YES;
				CLANG_WARN_BLOCK_CAPTURE_AUTORELEASING = YES;
				CLANG_WARN_BOOL_CONVERSION = YES;
				CLANG_WARN_COMMA = YES;
				CLANG_WARN_CONSTANT_CONVERSION = YES;
				CLANG_WARN_DEPRECATED_OBJC_IMPLEMENTATIONS = YES;
				CLANG_WARN_DIRECT_OBJC_ISA_USAGE = YES_ERROR;
				CLANG_WARN_DOCUMENTATION_COMMENTS = YES;
				CLANG_WARN_EMPTY_BODY = YES;
				CLANG_WARN_ENUM_CONVERSION = YES;
				CLANG_WARN_INFINITE_RECURSION = YES;
				CLANG_WARN_INT_CONVERSION = YES;
				CLANG_WARN_NON_LITERAL_NULL_CONVERSION = YES;
				CLANG_WARN_OBJC_IMPLICIT_RETAIN_SELF = YES;
				CLANG_WARN_OBJC_LITERAL_CONVERSION = YES;
				CLANG_WARN_OBJC_ROOT_CLASS = YES_ERROR;
				CLANG_WARN_QUOTED_INCLUDE_IN_FRAMEWORK_HEADER = YES;
				CLANG_WARN_RANGE_LOOP_ANALYSIS = YES;
				CLANG_WARN_STRICT_PROTOTYPES = YES;
				CLANG_WARN_SUSPICIOUS_MOVE = YES;
				CLANG_WARN_UNGUARDED_AVAILABILITY = YES_AGGRESSIVE;
				CLANG_WARN_UNREACHABLE_CODE = YES;
				CLANG_WARN__DUPLICATE_METHOD_MATCH = YES;
				COPY_PHASE_STRIP = NO;
				DEBUG_INFORMATION_FORMAT = dwarf;
				ENABLE_STRICT_OBJC_MSGSEND = YES;
				ENABLE_TESTABILITY = YES;
				GCC_C_LANGUAGE_STANDARD = gnu11;
				GCC_DYNAMIC_NO_PIC = NO;
				GCC_NO_COMMON_BLOCKS = YES;
				GCC_OPTIMIZATION_LEVEL = 0;
				GCC_PREPROCESSOR_DEFINITIONS = (
					"DEBUG=1",
					"$(inherited)",
				);
				GCC_WARN_64_TO_32_BIT_CONVERSION = YES;
				GCC_WARN_ABOUT_RETURN_TYPE = YES_ERROR;
				GCC_WARN_UNDECLARED_SELECTOR = YES;
				GCC_WARN_UNINITIALIZED_AUTOS = YES_AGGRESSIVE;
				GCC_WARN_UNUSED_FUNCTION = YES;
				GCC_WARN_UNUSED_VARIABLE = YES;
				IPHONEOS_DEPLOYMENT_TARGET = 15.2;
				MTL_ENABLE_DEBUG_INFO = INCLUDE_SOURCE;
				MTL_FAST_MATH = YES;
				ONLY_ACTIVE_ARCH = YES;
				SDKROOT = iphoneos;
				SWIFT_ACTIVE_COMPILATION_CONDITIONS = DEBUG;
				SWIFT_OPTIMIZATION_LEVEL = "-Onone";
			};
			name = Debug;
		};
		C044C24627C3ADF700D7432F /* Release */ = {
			isa = XCBuildConfiguration;
			buildSettings = {
				ALWAYS_SEARCH_USER_PATHS = NO;
				CLANG_ANALYZER_NONNULL = YES;
				CLANG_ANALYZER_NUMBER_OBJECT_CONVERSION = YES_AGGRESSIVE;
				CLANG_CXX_LANGUAGE_STANDARD = "gnu++17";
				CLANG_CXX_LIBRARY = "libc++";
				CLANG_ENABLE_MODULES = YES;
				CLANG_ENABLE_OBJC_ARC = YES;
				CLANG_ENABLE_OBJC_WEAK = YES;
				CLANG_WARN_BLOCK_CAPTURE_AUTORELEASING = YES;
				CLANG_WARN_BOOL_CONVERSION = YES;
				CLANG_WARN_COMMA = YES;
				CLANG_WARN_CONSTANT_CONVERSION = YES;
				CLANG_WARN_DEPRECATED_OBJC_IMPLEMENTATIONS = YES;
				CLANG_WARN_DIRECT_OBJC_ISA_USAGE = YES_ERROR;
				CLANG_WARN_DOCUMENTATION_COMMENTS = YES;
				CLANG_WARN_EMPTY_BODY = YES;
				CLANG_WARN_ENUM_CONVERSION = YES;
				CLANG_WARN_INFINITE_RECURSION = YES;
				CLANG_WARN_INT_CONVERSION = YES;
				CLANG_WARN_NON_LITERAL_NULL_CONVERSION = YES;
				CLANG_WARN_OBJC_IMPLICIT_RETAIN_SELF = YES;
				CLANG_WARN_OBJC_LITERAL_CONVERSION = YES;
				CLANG_WARN_OBJC_ROOT_CLASS = YES_ERROR;
				CLANG_WARN_QUOTED_INCLUDE_IN_FRAMEWORK_HEADER = YES;
				CLANG_WARN_RANGE_LOOP_ANALYSIS = YES;
				CLANG_WARN_STRICT_PROTOTYPES = YES;
				CLANG_WARN_SUSPICIOUS_MOVE = YES;
				CLANG_WARN_UNGUARDED_AVAILABILITY = YES_AGGRESSIVE;
				CLANG_WARN_UNREACHABLE_CODE = YES;
				CLANG_WARN__DUPLICATE_METHOD_MATCH = YES;
				COPY_PHASE_STRIP = NO;
				DEBUG_INFORMATION_FORMAT = "dwarf-with-dsym";
				ENABLE_NS_ASSERTIONS = NO;
				ENABLE_STRICT_OBJC_MSGSEND = YES;
				GCC_C_LANGUAGE_STANDARD = gnu11;
				GCC_NO_COMMON_BLOCKS = YES;
				GCC_WARN_64_TO_32_BIT_CONVERSION = YES;
				GCC_WARN_ABOUT_RETURN_TYPE = YES_ERROR;
				GCC_WARN_UNDECLARED_SELECTOR = YES;
				GCC_WARN_UNINITIALIZED_AUTOS = YES_AGGRESSIVE;
				GCC_WARN_UNUSED_FUNCTION = YES;
				GCC_WARN_UNUSED_VARIABLE = YES;
				IPHONEOS_DEPLOYMENT_TARGET = 15.2;
				MTL_ENABLE_DEBUG_INFO = NO;
				MTL_FAST_MATH = YES;
				SDKROOT = iphoneos;
				SWIFT_COMPILATION_MODE = wholemodule;
				SWIFT_OPTIMIZATION_LEVEL = "-O";
				VALIDATE_PRODUCT = YES;
			};
			name = Release;
		};
		C044C24827C3ADF700D7432F /* Debug */ = {
			isa = XCBuildConfiguration;
			baseConfigurationReference = 077007421B97BFBEEFE5C40C /* Pods-InstaClone.debug.xcconfig */;
			buildSettings = {
				ASSETCATALOG_COMPILER_APPICON_NAME = AppIcon;
				ASSETCATALOG_COMPILER_GLOBAL_ACCENT_COLOR_NAME = AccentColor;
				CODE_SIGN_STYLE = Automatic;
				CURRENT_PROJECT_VERSION = 1;
				DEVELOPMENT_TEAM = CJT65P28V5;
				GENERATE_INFOPLIST_FILE = YES;
				INFOPLIST_FILE = InstaClone/Info.plist;
				INFOPLIST_KEY_NSPhotoLibraryUsageDescription = "To upload an image to instaclone";
				INFOPLIST_KEY_UIApplicationSupportsIndirectInputEvents = YES;
				INFOPLIST_KEY_UILaunchStoryboardName = LaunchScreen;
				INFOPLIST_KEY_UIMainStoryboardFile = Main;
				INFOPLIST_KEY_UISupportedInterfaceOrientations_iPad = "UIInterfaceOrientationPortrait UIInterfaceOrientationPortraitUpsideDown UIInterfaceOrientationLandscapeLeft UIInterfaceOrientationLandscapeRight";
				INFOPLIST_KEY_UISupportedInterfaceOrientations_iPhone = "UIInterfaceOrientationPortrait UIInterfaceOrientationLandscapeLeft UIInterfaceOrientationLandscapeRight";
				LD_RUNPATH_SEARCH_PATHS = (
					"$(inherited)",
					"@executable_path/Frameworks",
				);
				MARKETING_VERSION = 1.0;
				PRODUCT_BUNDLE_IDENTIFIER = com.pinakpanimukherjee.InstaClone;
				PRODUCT_NAME = "$(TARGET_NAME)";
				SWIFT_EMIT_LOC_STRINGS = YES;
				SWIFT_VERSION = 5.0;
				TARGETED_DEVICE_FAMILY = "1,2";
			};
			name = Debug;
		};
		C044C24927C3ADF700D7432F /* Release */ = {
			isa = XCBuildConfiguration;
			baseConfigurationReference = 7037203705184C7F954C182E /* Pods-InstaClone.release.xcconfig */;
			buildSettings = {
				ASSETCATALOG_COMPILER_APPICON_NAME = AppIcon;
				ASSETCATALOG_COMPILER_GLOBAL_ACCENT_COLOR_NAME = AccentColor;
				CODE_SIGN_STYLE = Automatic;
				CURRENT_PROJECT_VERSION = 1;
				DEVELOPMENT_TEAM = CJT65P28V5;
				GENERATE_INFOPLIST_FILE = YES;
				INFOPLIST_FILE = InstaClone/Info.plist;
				INFOPLIST_KEY_NSPhotoLibraryUsageDescription = "To upload an image to instaclone";
				INFOPLIST_KEY_UIApplicationSupportsIndirectInputEvents = YES;
				INFOPLIST_KEY_UILaunchStoryboardName = LaunchScreen;
				INFOPLIST_KEY_UIMainStoryboardFile = Main;
				INFOPLIST_KEY_UISupportedInterfaceOrientations_iPad = "UIInterfaceOrientationPortrait UIInterfaceOrientationPortraitUpsideDown UIInterfaceOrientationLandscapeLeft UIInterfaceOrientationLandscapeRight";
				INFOPLIST_KEY_UISupportedInterfaceOrientations_iPhone = "UIInterfaceOrientationPortrait UIInterfaceOrientationLandscapeLeft UIInterfaceOrientationLandscapeRight";
				LD_RUNPATH_SEARCH_PATHS = (
					"$(inherited)",
					"@executable_path/Frameworks",
				);
				MARKETING_VERSION = 1.0;
				PRODUCT_BUNDLE_IDENTIFIER = com.pinakpanimukherjee.InstaClone;
				PRODUCT_NAME = "$(TARGET_NAME)";
				SWIFT_EMIT_LOC_STRINGS = YES;
				SWIFT_VERSION = 5.0;
				TARGETED_DEVICE_FAMILY = "1,2";
			};
			name = Release;
		};
/* End XCBuildConfiguration section */

/* Begin XCConfigurationList section */
		C044C22B27C3ADF400D7432F /* Build configuration list for PBXProject "InstaClone" */ = {
			isa = XCConfigurationList;
			buildConfigurations = (
				C044C24527C3ADF700D7432F /* Debug */,
				C044C24627C3ADF700D7432F /* Release */,
			);
			defaultConfigurationIsVisible = 0;
			defaultConfigurationName = Release;
		};
		C044C24727C3ADF700D7432F /* Build configuration list for PBXNativeTarget "InstaClone" */ = {
			isa = XCConfigurationList;
			buildConfigurations = (
				C044C24827C3ADF700D7432F /* Debug */,
				C044C24927C3ADF700D7432F /* Release */,
			);
			defaultConfigurationIsVisible = 0;
			defaultConfigurationName = Release;
		};
/* End XCConfigurationList section */

/* Begin XCVersionGroup section */
		C044C23C27C3ADF400D7432F /* InstaClone.xcdatamodeld */ = {
			isa = XCVersionGroup;
			children = (
				C044C23D27C3ADF400D7432F /* InstaClone.xcdatamodel */,
			);
			currentVersion = C044C23D27C3ADF400D7432F /* InstaClone.xcdatamodel */;
			path = InstaClone.xcdatamodeld;
			sourceTree = "<group>";
			versionGroupType = wrapper.xcdatamodel;
		};
/* End XCVersionGroup section */
	};
	rootObject = C044C22827C3ADF400D7432F /* Project object */;
}
